
Microsoft Visual Studio Solution File, Format Version 12.00
# Visual Studio 15
VisualStudioVersion = 15.0.28010.2046
MinimumVisualStudioVersion = 10.0.40219.1
Project("{8BC9CEB8-8B4A-11D0-8D11-00A0C91BC942}") = "ForTest", "ForTest\ForTest.vcxproj", "{68D53EF8-17C3-4153-93B3-07585F03E543}"
EndProject
Global
	GlobalSection(SolutionConfigurationPlatforms) = preSolution
		Debug|x64 = Debug|x64
		Debug|x86 = Debug|x86
		Release|x64 = Release|x64
		Release|x86 = Release|x86
	EndGlobalSection
	GlobalSection(ProjectConfigurationPlatforms) = postSolution
		{68D53EF8-17C3-4153-93B3-07585F03E543}.Debug|x64.ActiveCfg = Debug|x64
		{68D53EF8-17C3-4153-93B3-07585F03E543}.Debug|x64.Build.0 = Debug|x64
		{68D53EF8-17C3-4153-93B3-07585F03E543}.Debug|x86.ActiveCfg = Debug|Win32
		{68D53EF8-17C3-4153-93B3-07585F03E543}.Debug|x86.Build.0 = Debug|Win32
		{68D53EF8-17C3-4153-93B3-07585F03E543}.Release|x64.ActiveCfg = Release|x64
		{68D53EF8-17C3-4153-93B3-07585F03E543}.Release|x64.Build.0 = Release|x64
		{68D53EF8-17C3-4153-93B3-07585F03E543}.Release|x86.ActiveCfg = Release|Win32
		{68D53EF8-17C3-4153-93B3-07585F03E543}.Release|x86.Build.0 = Release|Win32
	EndGlobalSection
	GlobalSection(SolutionProperties) = preSolution
		HideSolutionNode = FALSE
	EndGlobalSection
	GlobalSection(ExtensibilityGlobals) = postSolution
		SolutionGuid = {5AE9ECAE-4622-4D1E-B18B-CC5083129D2D}
	EndGlobalSection
EndGlobal
